// !$*UTF8*$!
{
	archiveVersion = 1;
	classes = {
	};
	objectVersion = 56;
	objects = {

/* Begin PBXBuildFile section */
		3F660BA6697E711A63565095 /* Pods_Machinas.framework in Frameworks */ = {isa = PBXBuildFile; fileRef = FEB0402D1CD2F1560FA726D9 /* Pods_Machinas.framework */; };
		FF21E5752959F5DE008A8703 /* MachineListModel.swift in Sources */ = {isa = PBXBuildFile; fileRef = FF21E5742959F5DE008A8703 /* MachineListModel.swift */; };
		FF21E578295A7372008A8703 /* MachineListCell.swift in Sources */ = {isa = PBXBuildFile; fileRef = FF21E577295A7372008A8703 /* MachineListCell.swift */; };
		FF21E57A295A77FA008A8703 /* UITableViewCell+Extensions.swift in Sources */ = {isa = PBXBuildFile; fileRef = FF21E579295A77FA008A8703 /* UITableViewCell+Extensions.swift */; };
		FF21E57C295A8EE9008A8703 /* UIViewController+Extensions.swift in Sources */ = {isa = PBXBuildFile; fileRef = FF21E57B295A8EE9008A8703 /* UIViewController+Extensions.swift */; };
		FF21E57F295AA310008A8703 /* DetailMachineViewModel.swift in Sources */ = {isa = PBXBuildFile; fileRef = FF21E57E295AA310008A8703 /* DetailMachineViewModel.swift */; };
		FF21E581295AA31C008A8703 /* DetailMachineViewController.swift in Sources */ = {isa = PBXBuildFile; fileRef = FF21E580295AA31C008A8703 /* DetailMachineViewController.swift */; };
		FF21E583295AA343008A8703 /* DetailMachineModel.swift in Sources */ = {isa = PBXBuildFile; fileRef = FF21E582295AA343008A8703 /* DetailMachineModel.swift */; };
		FF21E586295ABB30008A8703 /* DetailListView.swift in Sources */ = {isa = PBXBuildFile; fileRef = FF21E585295ABB30008A8703 /* DetailListView.swift */; };
		FF21E588295AC4B8008A8703 /* Date+Extensions.swift in Sources */ = {isa = PBXBuildFile; fileRef = FF21E587295AC4B8008A8703 /* Date+Extensions.swift */; };
		FF21E58B295AF24E008A8703 /* MachineListUpdateDelegate.swift in Sources */ = {isa = PBXBuildFile; fileRef = FF21E58A295AF24E008A8703 /* MachineListUpdateDelegate.swift */; };
		FF21E58F295B7A35008A8703 /* DetailMachineImageCollectionViewCell.swift in Sources */ = {isa = PBXBuildFile; fileRef = FF21E58E295B7A35008A8703 /* DetailMachineImageCollectionViewCell.swift */; };
		FF21E591295B7B0D008A8703 /* UICollectionViewCell+Extensions.swift in Sources */ = {isa = PBXBuildFile; fileRef = FF21E590295B7B0D008A8703 /* UICollectionViewCell+Extensions.swift */; };
		FF66603A295948F400988F7D /* Constants.swift in Sources */ = {isa = PBXBuildFile; fileRef = FF666039295948F400988F7D /* Constants.swift */; };
		FF66603D295955F400988F7D /* Realm in Frameworks */ = {isa = PBXBuildFile; productRef = FF66603C295955F400988F7D /* Realm */; };
		FF66603F295955F400988F7D /* RealmSwift in Frameworks */ = {isa = PBXBuildFile; productRef = FF66603E295955F400988F7D /* RealmSwift */; };
		FFA7E8ED295803E30069114E /* CustomNavigationBar.swift in Sources */ = {isa = PBXBuildFile; fileRef = FFA7E8EC295803E30069114E /* CustomNavigationBar.swift */; };
		FFA7E8F0295804E80069114E /* UIView+Extensions.swift in Sources */ = {isa = PBXBuildFile; fileRef = FFA7E8EF295804E80069114E /* UIView+Extensions.swift */; };
		FFA7E8F429580C990069114E /* BaseVC.swift in Sources */ = {isa = PBXBuildFile; fileRef = FFA7E8F329580C990069114E /* BaseVC.swift */; };
		FFA7E8F829580DBE0069114E /* BaseViewModelContract.swift in Sources */ = {isa = PBXBuildFile; fileRef = FFA7E8F729580DBE0069114E /* BaseViewModelContract.swift */; };
		FFA7E8FB2958100E0069114E /* ViewState.swift in Sources */ = {isa = PBXBuildFile; fileRef = FFA7E8FA2958100E0069114E /* ViewState.swift */; };
		FFA7E8FE295818A20069114E /* UIApplication+Extensions.swift in Sources */ = {isa = PBXBuildFile; fileRef = FFA7E8FD295818A20069114E /* UIApplication+Extensions.swift */; };
		FFEA8FE22957459B00E013A0 /* AppDelegate.swift in Sources */ = {isa = PBXBuildFile; fileRef = FFEA8FE12957459B00E013A0 /* AppDelegate.swift */; };
		FFEA8FE42957459B00E013A0 /* SceneDelegate.swift in Sources */ = {isa = PBXBuildFile; fileRef = FFEA8FE32957459B00E013A0 /* SceneDelegate.swift */; };
		FFEA8FEB2957459D00E013A0 /* Assets.xcassets in Resources */ = {isa = PBXBuildFile; fileRef = FFEA8FEA2957459D00E013A0 /* Assets.xcassets */; };
		FFEA8FEE2957459D00E013A0 /* LaunchScreen.storyboard in Resources */ = {isa = PBXBuildFile; fileRef = FFEA8FEC2957459D00E013A0 /* LaunchScreen.storyboard */; };
		FFEA8FF829574F0200E013A0 /* MainViewModel.swift in Sources */ = {isa = PBXBuildFile; fileRef = FFEA8FF729574F0200E013A0 /* MainViewModel.swift */; };
		FFEA8FFC2957586000E013A0 /* MainViewController.swift in Sources */ = {isa = PBXBuildFile; fileRef = FFEA8FFB2957586000E013A0 /* MainViewController.swift */; };
		FFEA9002295766CF00E013A0 /* CodeReaderViewModel.swift in Sources */ = {isa = PBXBuildFile; fileRef = FFEA9001295766CF00E013A0 /* CodeReaderViewModel.swift */; };
		FFEA9004295766E200E013A0 /* CodeReaderViewController.swift in Sources */ = {isa = PBXBuildFile; fileRef = FFEA9003295766E200E013A0 /* CodeReaderViewController.swift */; };
		FFEA9008295767F500E013A0 /* MachineListViewController.swift in Sources */ = {isa = PBXBuildFile; fileRef = FFEA9007295767C800E013A0 /* MachineListViewController.swift */; };
		FFEA9009295767F800E013A0 /* MachineListViewModel.swift in Sources */ = {isa = PBXBuildFile; fileRef = FFEA9006295767C700E013A0 /* MachineListViewModel.swift */; };
/* End PBXBuildFile section */

/* Begin PBXFileReference section */
		6F7337DB35D06F303FEB0BC9 /* Pods-Machinas.debug.xcconfig */ = {isa = PBXFileReference; includeInIndex = 1; lastKnownFileType = text.xcconfig; name = "Pods-Machinas.debug.xcconfig"; path = "Target Support Files/Pods-Machinas/Pods-Machinas.debug.xcconfig"; sourceTree = "<group>"; };
		C6BA1046BE67CDC8B63F6715 /* Pods-Machinas.release.xcconfig */ = {isa = PBXFileReference; includeInIndex = 1; lastKnownFileType = text.xcconfig; name = "Pods-Machinas.release.xcconfig"; path = "Target Support Files/Pods-Machinas/Pods-Machinas.release.xcconfig"; sourceTree = "<group>"; };
		FEB0402D1CD2F1560FA726D9 /* Pods_Machinas.framework */ = {isa = PBXFileReference; explicitFileType = wrapper.framework; includeInIndex = 0; path = Pods_Machinas.framework; sourceTree = BUILT_PRODUCTS_DIR; };
		FF21E5742959F5DE008A8703 /* MachineListModel.swift */ = {isa = PBXFileReference; lastKnownFileType = sourcecode.swift; path = MachineListModel.swift; sourceTree = "<group>"; };
		FF21E577295A7372008A8703 /* MachineListCell.swift */ = {isa = PBXFileReference; lastKnownFileType = sourcecode.swift; path = MachineListCell.swift; sourceTree = "<group>"; };
		FF21E579295A77FA008A8703 /* UITableViewCell+Extensions.swift */ = {isa = PBXFileReference; lastKnownFileType = sourcecode.swift; path = "UITableViewCell+Extensions.swift"; sourceTree = "<group>"; };
		FF21E57B295A8EE9008A8703 /* UIViewController+Extensions.swift */ = {isa = PBXFileReference; lastKnownFileType = sourcecode.swift; path = "UIViewController+Extensions.swift"; sourceTree = "<group>"; };
		FF21E57E295AA310008A8703 /* DetailMachineViewModel.swift */ = {isa = PBXFileReference; lastKnownFileType = sourcecode.swift; path = DetailMachineViewModel.swift; sourceTree = "<group>"; };
		FF21E580295AA31C008A8703 /* DetailMachineViewController.swift */ = {isa = PBXFileReference; lastKnownFileType = sourcecode.swift; path = DetailMachineViewController.swift; sourceTree = "<group>"; };
		FF21E582295AA343008A8703 /* DetailMachineModel.swift */ = {isa = PBXFileReference; lastKnownFileType = sourcecode.swift; path = DetailMachineModel.swift; sourceTree = "<group>"; };
		FF21E585295ABB30008A8703 /* DetailListView.swift */ = {isa = PBXFileReference; lastKnownFileType = sourcecode.swift; path = DetailListView.swift; sourceTree = "<group>"; };
		FF21E587295AC4B8008A8703 /* Date+Extensions.swift */ = {isa = PBXFileReference; lastKnownFileType = sourcecode.swift; path = "Date+Extensions.swift"; sourceTree = "<group>"; };
		FF21E58A295AF24E008A8703 /* MachineListUpdateDelegate.swift */ = {isa = PBXFileReference; lastKnownFileType = sourcecode.swift; path = MachineListUpdateDelegate.swift; sourceTree = "<group>"; };
		FF21E58E295B7A35008A8703 /* DetailMachineImageCollectionViewCell.swift */ = {isa = PBXFileReference; lastKnownFileType = sourcecode.swift; path = DetailMachineImageCollectionViewCell.swift; sourceTree = "<group>"; };
		FF21E590295B7B0D008A8703 /* UICollectionViewCell+Extensions.swift */ = {isa = PBXFileReference; lastKnownFileType = sourcecode.swift; path = "UICollectionViewCell+Extensions.swift"; sourceTree = "<group>"; };
		FF666039295948F400988F7D /* Constants.swift */ = {isa = PBXFileReference; lastKnownFileType = sourcecode.swift; path = Constants.swift; sourceTree = "<group>"; };
		FFA7E8EC295803E30069114E /* CustomNavigationBar.swift */ = {isa = PBXFileReference; lastKnownFileType = sourcecode.swift; path = CustomNavigationBar.swift; sourceTree = "<group>"; };
		FFA7E8EF295804E80069114E /* UIView+Extensions.swift */ = {isa = PBXFileReference; lastKnownFileType = sourcecode.swift; path = "UIView+Extensions.swift"; sourceTree = "<group>"; };
		FFA7E8F329580C990069114E /* BaseVC.swift */ = {isa = PBXFileReference; lastKnownFileType = sourcecode.swift; path = BaseVC.swift; sourceTree = "<group>"; };
		FFA7E8F729580DBE0069114E /* BaseViewModelContract.swift */ = {isa = PBXFileReference; lastKnownFileType = sourcecode.swift; path = BaseViewModelContract.swift; sourceTree = "<group>"; };
		FFA7E8FA2958100E0069114E /* ViewState.swift */ = {isa = PBXFileReference; lastKnownFileType = sourcecode.swift; path = ViewState.swift; sourceTree = "<group>"; };
		FFA7E8FD295818A20069114E /* UIApplication+Extensions.swift */ = {isa = PBXFileReference; lastKnownFileType = sourcecode.swift; path = "UIApplication+Extensions.swift"; sourceTree = "<group>"; };
		FFEA8FDE2957459B00E013A0 /* Machinas.app */ = {isa = PBXFileReference; explicitFileType = wrapper.application; includeInIndex = 0; path = Machinas.app; sourceTree = BUILT_PRODUCTS_DIR; };
		FFEA8FE12957459B00E013A0 /* AppDelegate.swift */ = {isa = PBXFileReference; lastKnownFileType = sourcecode.swift; path = AppDelegate.swift; sourceTree = "<group>"; };
		FFEA8FE32957459B00E013A0 /* SceneDelegate.swift */ = {isa = PBXFileReference; lastKnownFileType = sourcecode.swift; path = SceneDelegate.swift; sourceTree = "<group>"; };
		FFEA8FEA2957459D00E013A0 /* Assets.xcassets */ = {isa = PBXFileReference; lastKnownFileType = folder.assetcatalog; path = Assets.xcassets; sourceTree = "<group>"; };
		FFEA8FED2957459D00E013A0 /* Base */ = {isa = PBXFileReference; lastKnownFileType = file.storyboard; name = Base; path = Base.lproj/LaunchScreen.storyboard; sourceTree = "<group>"; };
		FFEA8FEF2957459D00E013A0 /* Info.plist */ = {isa = PBXFileReference; lastKnownFileType = text.plist.xml; path = Info.plist; sourceTree = "<group>"; };
		FFEA8FF729574F0200E013A0 /* MainViewModel.swift */ = {isa = PBXFileReference; lastKnownFileType = sourcecode.swift; path = MainViewModel.swift; sourceTree = "<group>"; };
		FFEA8FFB2957586000E013A0 /* MainViewController.swift */ = {isa = PBXFileReference; lastKnownFileType = sourcecode.swift; path = MainViewController.swift; sourceTree = "<group>"; };
		FFEA9001295766CF00E013A0 /* CodeReaderViewModel.swift */ = {isa = PBXFileReference; lastKnownFileType = sourcecode.swift; path = CodeReaderViewModel.swift; sourceTree = "<group>"; };
		FFEA9003295766E200E013A0 /* CodeReaderViewController.swift */ = {isa = PBXFileReference; lastKnownFileType = sourcecode.swift; path = CodeReaderViewController.swift; sourceTree = "<group>"; };
		FFEA9006295767C700E013A0 /* MachineListViewModel.swift */ = {isa = PBXFileReference; lastKnownFileType = sourcecode.swift; path = MachineListViewModel.swift; sourceTree = "<group>"; };
		FFEA9007295767C800E013A0 /* MachineListViewController.swift */ = {isa = PBXFileReference; lastKnownFileType = sourcecode.swift; path = MachineListViewController.swift; sourceTree = "<group>"; };
/* End PBXFileReference section */

/* Begin PBXFrameworksBuildPhase section */
		FFEA8FDB2957459B00E013A0 /* Frameworks */ = {
			isa = PBXFrameworksBuildPhase;
			buildActionMask = 2147483647;
			files = (
				FF66603F295955F400988F7D /* RealmSwift in Frameworks */,
				FF66603D295955F400988F7D /* Realm in Frameworks */,
				3F660BA6697E711A63565095 /* Pods_Machinas.framework in Frameworks */,
			);
			runOnlyForDeploymentPostprocessing = 0;
		};
/* End PBXFrameworksBuildPhase section */

/* Begin PBXGroup section */
		9A6E43E225E5640D49591591 /* Frameworks */ = {
			isa = PBXGroup;
			children = (
				FEB0402D1CD2F1560FA726D9 /* Pods_Machinas.framework */,
			);
			name = Frameworks;
			sourceTree = "<group>";
		};
		AFDE44D9431E7A1EF8D2E7E4 /* Pods */ = {
			isa = PBXGroup;
			children = (
				6F7337DB35D06F303FEB0BC9 /* Pods-Machinas.debug.xcconfig */,
				C6BA1046BE67CDC8B63F6715 /* Pods-Machinas.release.xcconfig */,
			);
			path = Pods;
			sourceTree = "<group>";
		};
		FF21E576295A7353008A8703 /* cells */ = {
			isa = PBXGroup;
			children = (
				FF21E577295A7372008A8703 /* MachineListCell.swift */,
			);
			path = cells;
			sourceTree = "<group>";
		};
		FF21E57D295AA301008A8703 /* DetailMachine */ = {
			isa = PBXGroup;
			children = (
				FF21E58D295B7A1B008A8703 /* cells */,
				FF21E584295ABADC008A8703 /* customViews */,
				FF21E57E295AA310008A8703 /* DetailMachineViewModel.swift */,
				FF21E580295AA31C008A8703 /* DetailMachineViewController.swift */,
				FF21E582295AA343008A8703 /* DetailMachineModel.swift */,
			);
			path = DetailMachine;
			sourceTree = "<group>";
		};
		FF21E584295ABADC008A8703 /* customViews */ = {
			isa = PBXGroup;
			children = (
				FF21E585295ABB30008A8703 /* DetailListView.swift */,
			);
			path = customViews;
			sourceTree = "<group>";
		};
		FF21E589295AF22B008A8703 /* contract */ = {
			isa = PBXGroup;
			children = (
				FF21E58A295AF24E008A8703 /* MachineListUpdateDelegate.swift */,
			);
			path = contract;
			sourceTree = "<group>";
		};
		FF21E58D295B7A1B008A8703 /* cells */ = {
			isa = PBXGroup;
			children = (
				FF21E58E295B7A35008A8703 /* DetailMachineImageCollectionViewCell.swift */,
			);
			path = cells;
			sourceTree = "<group>";
		};
		FFA7E8EB295803C40069114E /* CustomViews */ = {
			isa = PBXGroup;
			children = (
				FFA7E8EC295803E30069114E /* CustomNavigationBar.swift */,
			);
			path = CustomViews;
			sourceTree = "<group>";
		};
		FFA7E8EE295804CD0069114E /* Extensions */ = {
			isa = PBXGroup;
			children = (
				FFA7E8EF295804E80069114E /* UIView+Extensions.swift */,
				FFA7E8FD295818A20069114E /* UIApplication+Extensions.swift */,
				FF21E579295A77FA008A8703 /* UITableViewCell+Extensions.swift */,
				FF21E57B295A8EE9008A8703 /* UIViewController+Extensions.swift */,
				FF21E587295AC4B8008A8703 /* Date+Extensions.swift */,
				FF21E590295B7B0D008A8703 /* UICollectionViewCell+Extensions.swift */,
			);
			path = Extensions;
			sourceTree = "<group>";
		};
		FFA7E8F129580C7D0069114E /* BaseClass */ = {
			isa = PBXGroup;
			children = (
				FFA7E8F329580C990069114E /* BaseVC.swift */,
			);
			path = BaseClass;
			sourceTree = "<group>";
		};
		FFA7E8F229580C8C0069114E /* BaseProtocol */ = {
			isa = PBXGroup;
			children = (
				FFA7E8F929580FE40069114E /* Enums */,
				FFA7E8F729580DBE0069114E /* BaseViewModelContract.swift */,
			);
			path = BaseProtocol;
			sourceTree = "<group>";
		};
		FFA7E8F929580FE40069114E /* Enums */ = {
			isa = PBXGroup;
			children = (
				FFA7E8FA2958100E0069114E /* ViewState.swift */,
			);
			path = Enums;
			sourceTree = "<group>";
		};
		FFEA8FD52957459B00E013A0 = {
			isa = PBXGroup;
			children = (
				FFEA8FE02957459B00E013A0 /* Machina */,
				FFEA8FDF2957459B00E013A0 /* Products */,
				AFDE44D9431E7A1EF8D2E7E4 /* Pods */,
				9A6E43E225E5640D49591591 /* Frameworks */,
			);
			sourceTree = "<group>";
		};
		FFEA8FDF2957459B00E013A0 /* Products */ = {
			isa = PBXGroup;
			children = (
				FFEA8FDE2957459B00E013A0 /* Machinas.app */,
			);
			name = Products;
			sourceTree = "<group>";
		};
		FFEA8FE02957459B00E013A0 /* Machina */ = {
			isa = PBXGroup;
			children = (
				FFA7E8F229580C8C0069114E /* BaseProtocol */,
				FFA7E8F129580C7D0069114E /* BaseClass */,
				FFA7E8EE295804CD0069114E /* Extensions */,
				FFA7E8EB295803C40069114E /* CustomViews */,
				FFEA8FF52957465100E013A0 /* Modules */,
				FFEA8FE12957459B00E013A0 /* AppDelegate.swift */,
				FFEA8FE32957459B00E013A0 /* SceneDelegate.swift */,
				FFEA8FEA2957459D00E013A0 /* Assets.xcassets */,
				FFEA8FEC2957459D00E013A0 /* LaunchScreen.storyboard */,
				FFEA8FEF2957459D00E013A0 /* Info.plist */,
				FF666039295948F400988F7D /* Constants.swift */,
			);
			path = Machina;
			sourceTree = "<group>";
		};
		FFEA8FF52957465100E013A0 /* Modules */ = {
			isa = PBXGroup;
			children = (
				FF21E57D295AA301008A8703 /* DetailMachine */,
				FFEA9005295767B900E013A0 /* MachineList */,
				FFEA9000295766BE00E013A0 /* CodeReader */,
				FFEA8FFF295766B300E013A0 /* Main */,
			);
			path = Modules;
			sourceTree = "<group>";
		};
		FFEA8FFF295766B300E013A0 /* Main */ = {
			isa = PBXGroup;
			children = (
				FFEA8FF729574F0200E013A0 /* MainViewModel.swift */,
				FFEA8FFB2957586000E013A0 /* MainViewController.swift */,
			);
			path = Main;
			sourceTree = "<group>";
		};
		FFEA9000295766BE00E013A0 /* CodeReader */ = {
			isa = PBXGroup;
			children = (
				FFEA9001295766CF00E013A0 /* CodeReaderViewModel.swift */,
				FFEA9003295766E200E013A0 /* CodeReaderViewController.swift */,
			);
			path = CodeReader;
			sourceTree = "<group>";
		};
		FFEA9005295767B900E013A0 /* MachineList */ = {
			isa = PBXGroup;
			children = (
				FF21E589295AF22B008A8703 /* contract */,
				FF21E576295A7353008A8703 /* cells */,
				FFEA9006295767C700E013A0 /* MachineListViewModel.swift */,
				FFEA9007295767C800E013A0 /* MachineListViewController.swift */,
				FF21E5742959F5DE008A8703 /* MachineListModel.swift */,
			);
			path = MachineList;
			sourceTree = "<group>";
		};
/* End PBXGroup section */

/* Begin PBXNativeTarget section */
		FFEA8FDD2957459B00E013A0 /* Machinas */ = {
			isa = PBXNativeTarget;
			buildConfigurationList = FFEA8FF22957459D00E013A0 /* Build configuration list for PBXNativeTarget "Machinas" */;
			buildPhases = (
				6F60E00B147B5E73D6EE244C /* [CP] Check Pods Manifest.lock */,
				FFEA8FDA2957459B00E013A0 /* Sources */,
				FFEA8FDB2957459B00E013A0 /* Frameworks */,
				FFEA8FDC2957459B00E013A0 /* Resources */,
				70F9EFA9DFE60A6F7A0471AF /* [CP] Embed Pods Frameworks */,
			);
			buildRules = (
			);
			dependencies = (
			);
			name = Machinas;
			packageProductDependencies = (
				FF66603C295955F400988F7D /* Realm */,
				FF66603E295955F400988F7D /* RealmSwift */,
			);
			productName = Machina;
			productReference = FFEA8FDE2957459B00E013A0 /* Machinas.app */;
			productType = "com.apple.product-type.application";
		};
/* End PBXNativeTarget section */

/* Begin PBXProject section */
		FFEA8FD62957459B00E013A0 /* Project object */ = {
			isa = PBXProject;
			attributes = {
				BuildIndependentTargetsInParallel = 1;
				LastSwiftUpdateCheck = 1410;
				LastUpgradeCheck = 1410;
				TargetAttributes = {
					FFEA8FDD2957459B00E013A0 = {
						CreatedOnToolsVersion = 14.1;
					};
				};
			};
			buildConfigurationList = FFEA8FD92957459B00E013A0 /* Build configuration list for PBXProject "Machinas" */;
			compatibilityVersion = "Xcode 14.0";
			developmentRegion = en;
			hasScannedForEncodings = 0;
			knownRegions = (
				en,
				Base,
			);
			mainGroup = FFEA8FD52957459B00E013A0;
			packageReferences = (
				FF66603B295955F400988F7D /* XCRemoteSwiftPackageReference "realm-swift.git" */,
			);
			productRefGroup = FFEA8FDF2957459B00E013A0 /* Products */;
			projectDirPath = "";
			projectRoot = "";
			targets = (
				FFEA8FDD2957459B00E013A0 /* Machinas */,
			);
		};
/* End PBXProject section */

/* Begin PBXResourcesBuildPhase section */
		FFEA8FDC2957459B00E013A0 /* Resources */ = {
			isa = PBXResourcesBuildPhase;
			buildActionMask = 2147483647;
			files = (
				FFEA8FEE2957459D00E013A0 /* LaunchScreen.storyboard in Resources */,
				FFEA8FEB2957459D00E013A0 /* Assets.xcassets in Resources */,
			);
			runOnlyForDeploymentPostprocessing = 0;
		};
/* End PBXResourcesBuildPhase section */

/* Begin PBXShellScriptBuildPhase section */
		6F60E00B147B5E73D6EE244C /* [CP] Check Pods Manifest.lock */ = {
			isa = PBXShellScriptBuildPhase;
			buildActionMask = 2147483647;
			files = (
			);
			inputFileListPaths = (
			);
			inputPaths = (
				"${PODS_PODFILE_DIR_PATH}/Podfile.lock",
				"${PODS_ROOT}/Manifest.lock",
			);
			name = "[CP] Check Pods Manifest.lock";
			outputFileListPaths = (
			);
			outputPaths = (
				"$(DERIVED_FILE_DIR)/Pods-Machinas-checkManifestLockResult.txt",
			);
			runOnlyForDeploymentPostprocessing = 0;
			shellPath = /bin/sh;
			shellScript = "diff \"${PODS_PODFILE_DIR_PATH}/Podfile.lock\" \"${PODS_ROOT}/Manifest.lock\" > /dev/null\nif [ $? != 0 ] ; then\n    # print error to STDERR\n    echo \"error: The sandbox is not in sync with the Podfile.lock. Run 'pod install' or update your CocoaPods installation.\" >&2\n    exit 1\nfi\n# This output is used by Xcode 'outputs' to avoid re-running this script phase.\necho \"SUCCESS\" > \"${SCRIPT_OUTPUT_FILE_0}\"\n";
			showEnvVarsInLog = 0;
		};
		70F9EFA9DFE60A6F7A0471AF /* [CP] Embed Pods Frameworks */ = {
			isa = PBXShellScriptBuildPhase;
			buildActionMask = 2147483647;
			files = (
			);
			inputFileListPaths = (
				"${PODS_ROOT}/Target Support Files/Pods-Machinas/Pods-Machinas-frameworks-${CONFIGURATION}-input-files.xcfilelist",
			);
			name = "[CP] Embed Pods Frameworks";
			outputFileListPaths = (
				"${PODS_ROOT}/Target Support Files/Pods-Machinas/Pods-Machinas-frameworks-${CONFIGURATION}-output-files.xcfilelist",
			);
			runOnlyForDeploymentPostprocessing = 0;
			shellPath = /bin/sh;
			shellScript = "\"${PODS_ROOT}/Target Support Files/Pods-Machinas/Pods-Machinas-frameworks.sh\"\n";
			showEnvVarsInLog = 0;
		};
/* End PBXShellScriptBuildPhase section */

/* Begin PBXSourcesBuildPhase section */
		FFEA8FDA2957459B00E013A0 /* Sources */ = {
			isa = PBXSourcesBuildPhase;
			buildActionMask = 2147483647;
			files = (
				FFA7E8FE295818A20069114E /* UIApplication+Extensions.swift in Sources */,
				FFA7E8F829580DBE0069114E /* BaseViewModelContract.swift in Sources */,
				FF21E583295AA343008A8703 /* DetailMachineModel.swift in Sources */,
				FFEA8FF829574F0200E013A0 /* MainViewModel.swift in Sources */,
				FF21E591295B7B0D008A8703 /* UICollectionViewCell+Extensions.swift in Sources */,
				FF21E5752959F5DE008A8703 /* MachineListModel.swift in Sources */,
				FFA7E8F429580C990069114E /* BaseVC.swift in Sources */,
				FFEA8FE22957459B00E013A0 /* AppDelegate.swift in Sources */,
				FF21E586295ABB30008A8703 /* DetailListView.swift in Sources */,
				FF21E581295AA31C008A8703 /* DetailMachineViewController.swift in Sources */,
				FF21E57C295A8EE9008A8703 /* UIViewController+Extensions.swift in Sources */,
				FF66603A295948F400988F7D /* Constants.swift in Sources */,
				FF21E578295A7372008A8703 /* MachineListCell.swift in Sources */,
				FF21E57A295A77FA008A8703 /* UITableViewCell+Extensions.swift in Sources */,
				FFA7E8F0295804E80069114E /* UIView+Extensions.swift in Sources */,
				FFEA9009295767F800E013A0 /* MachineListViewModel.swift in Sources */,
				FFA7E8ED295803E30069114E /* CustomNavigationBar.swift in Sources */,
				FFA7E8FB2958100E0069114E /* ViewState.swift in Sources */,
				FF21E588295AC4B8008A8703 /* Date+Extensions.swift in Sources */,
				FFEA9002295766CF00E013A0 /* CodeReaderViewModel.swift in Sources */,
				FF21E58F295B7A35008A8703 /* DetailMachineImageCollectionViewCell.swift in Sources */,
				FF21E57F295AA310008A8703 /* DetailMachineViewModel.swift in Sources */,
				FFEA9008295767F500E013A0 /* MachineListViewController.swift in Sources */,
				FF21E58B295AF24E008A8703 /* MachineListUpdateDelegate.swift in Sources */,
				FFEA8FE42957459B00E013A0 /* SceneDelegate.swift in Sources */,
				FFEA9004295766E200E013A0 /* CodeReaderViewController.swift in Sources */,
				FFEA8FFC2957586000E013A0 /* MainViewController.swift in Sources */,
			);
			runOnlyForDeploymentPostprocessing = 0;
		};
/* End PBXSourcesBuildPhase section */

/* Begin PBXVariantGroup section */
		FFEA8FEC2957459D00E013A0 /* LaunchScreen.storyboard */ = {
			isa = PBXVariantGroup;
			children = (
				FFEA8FED2957459D00E013A0 /* Base */,
			);
			name = LaunchScreen.storyboard;
			sourceTree = "<group>";
		};
/* End PBXVariantGroup section */

/* Begin XCBuildConfiguration section */
		FFEA8FF02957459D00E013A0 /* Debug */ = {
			isa = XCBuildConfiguration;
			buildSettings = {
				ALWAYS_SEARCH_USER_PATHS = NO;
				CLANG_ANALYZER_NONNULL = YES;
				CLANG_ANALYZER_NUMBER_OBJECT_CONVERSION = YES_AGGRESSIVE;
				CLANG_CXX_LANGUAGE_STANDARD = "gnu++20";
				CLANG_ENABLE_MODULES = YES;
				CLANG_ENABLE_OBJC_ARC = YES;
				CLANG_ENABLE_OBJC_WEAK = YES;
				CLANG_WARN_BLOCK_CAPTURE_AUTORELEASING = YES;
				CLANG_WARN_BOOL_CONVERSION = YES;
				CLANG_WARN_COMMA = YES;
				CLANG_WARN_CONSTANT_CONVERSION = YES;
				CLANG_WARN_DEPRECATED_OBJC_IMPLEMENTATIONS = YES;
				CLANG_WARN_DIRECT_OBJC_ISA_USAGE = YES_ERROR;
				CLANG_WARN_DOCUMENTATION_COMMENTS = YES;
				CLANG_WARN_EMPTY_BODY = YES;
				CLANG_WARN_ENUM_CONVERSION = YES;
				CLANG_WARN_INFINITE_RECURSION = YES;
				CLANG_WARN_INT_CONVERSION = YES;
				CLANG_WARN_NON_LITERAL_NULL_CONVERSION = YES;
				CLANG_WARN_OBJC_IMPLICIT_RETAIN_SELF = YES;
				CLANG_WARN_OBJC_LITERAL_CONVERSION = YES;
				CLANG_WARN_OBJC_ROOT_CLASS = YES_ERROR;
				CLANG_WARN_QUOTED_INCLUDE_IN_FRAMEWORK_HEADER = YES;
				CLANG_WARN_RANGE_LOOP_ANALYSIS = YES;
				CLANG_WARN_STRICT_PROTOTYPES = YES;
				CLANG_WARN_SUSPICIOUS_MOVE = YES;
				CLANG_WARN_UNGUARDED_AVAILABILITY = YES_AGGRESSIVE;
				CLANG_WARN_UNREACHABLE_CODE = YES;
				CLANG_WARN__DUPLICATE_METHOD_MATCH = YES;
				COPY_PHASE_STRIP = NO;
				DEBUG_INFORMATION_FORMAT = dwarf;
				ENABLE_STRICT_OBJC_MSGSEND = YES;
				ENABLE_TESTABILITY = YES;
				GCC_C_LANGUAGE_STANDARD = gnu11;
				GCC_DYNAMIC_NO_PIC = NO;
				GCC_NO_COMMON_BLOCKS = YES;
				GCC_OPTIMIZATION_LEVEL = 0;
				GCC_PREPROCESSOR_DEFINITIONS = (
					"DEBUG=1",
					"$(inherited)",
				);
				GCC_WARN_64_TO_32_BIT_CONVERSION = YES;
				GCC_WARN_ABOUT_RETURN_TYPE = YES_ERROR;
				GCC_WARN_UNDECLARED_SELECTOR = YES;
				GCC_WARN_UNINITIALIZED_AUTOS = YES_AGGRESSIVE;
				GCC_WARN_UNUSED_FUNCTION = YES;
				GCC_WARN_UNUSED_VARIABLE = YES;
				INFOPLIST_KEY_UILaunchStoryboardName = "";
				IPHONEOS_DEPLOYMENT_TARGET = 16.1;
				MTL_ENABLE_DEBUG_INFO = INCLUDE_SOURCE;
				MTL_FAST_MATH = YES;
				ONLY_ACTIVE_ARCH = YES;
				SDKROOT = iphoneos;
				SWIFT_ACTIVE_COMPILATION_CONDITIONS = DEBUG;
				SWIFT_OPTIMIZATION_LEVEL = "-Onone";
			};
			name = Debug;
		};
		FFEA8FF12957459D00E013A0 /* Release */ = {
			isa = XCBuildConfiguration;
			buildSettings = {
				ALWAYS_SEARCH_USER_PATHS = NO;
				CLANG_ANALYZER_NONNULL = YES;
				CLANG_ANALYZER_NUMBER_OBJECT_CONVERSION = YES_AGGRESSIVE;
				CLANG_CXX_LANGUAGE_STANDARD = "gnu++20";
				CLANG_ENABLE_MODULES = YES;
				CLANG_ENABLE_OBJC_ARC = YES;
				CLANG_ENABLE_OBJC_WEAK = YES;
				CLANG_WARN_BLOCK_CAPTURE_AUTORELEASING = YES;
				CLANG_WARN_BOOL_CONVERSION = YES;
				CLANG_WARN_COMMA = YES;
				CLANG_WARN_CONSTANT_CONVERSION = YES;
				CLANG_WARN_DEPRECATED_OBJC_IMPLEMENTATIONS = YES;
				CLANG_WARN_DIRECT_OBJC_ISA_USAGE = YES_ERROR;
				CLANG_WARN_DOCUMENTATION_COMMENTS = YES;
				CLANG_WARN_EMPTY_BODY = YES;
				CLANG_WARN_ENUM_CONVERSION = YES;
				CLANG_WARN_INFINITE_RECURSION = YES;
				CLANG_WARN_INT_CONVERSION = YES;
				CLANG_WARN_NON_LITERAL_NULL_CONVERSION = YES;
				CLANG_WARN_OBJC_IMPLICIT_RETAIN_SELF = YES;
				CLANG_WARN_OBJC_LITERAL_CONVERSION = YES;
				CLANG_WARN_OBJC_ROOT_CLASS = YES_ERROR;
				CLANG_WARN_QUOTED_INCLUDE_IN_FRAMEWORK_HEADER = YES;
				CLANG_WARN_RANGE_LOOP_ANALYSIS = YES;
				CLANG_WARN_STRICT_PROTOTYPES = YES;
				CLANG_WARN_SUSPICIOUS_MOVE = YES;
				CLANG_WARN_UNGUARDED_AVAILABILITY = YES_AGGRESSIVE;
				CLANG_WARN_UNREACHABLE_CODE = YES;
				CLANG_WARN__DUPLICATE_METHOD_MATCH = YES;
				COPY_PHASE_STRIP = NO;
				DEBUG_INFORMATION_FORMAT = "dwarf-with-dsym";
				ENABLE_NS_ASSERTIONS = NO;
				ENABLE_STRICT_OBJC_MSGSEND = YES;
				GCC_C_LANGUAGE_STANDARD = gnu11;
				GCC_NO_COMMON_BLOCKS = YES;
				GCC_WARN_64_TO_32_BIT_CONVERSION = YES;
				GCC_WARN_ABOUT_RETURN_TYPE = YES_ERROR;
				GCC_WARN_UNDECLARED_SELECTOR = YES;
				GCC_WARN_UNINITIALIZED_AUTOS = YES_AGGRESSIVE;
				GCC_WARN_UNUSED_FUNCTION = YES;
				GCC_WARN_UNUSED_VARIABLE = YES;
				INFOPLIST_KEY_UILaunchStoryboardName = "";
				IPHONEOS_DEPLOYMENT_TARGET = 16.1;
				MTL_ENABLE_DEBUG_INFO = NO;
				MTL_FAST_MATH = YES;
				SDKROOT = iphoneos;
				SWIFT_COMPILATION_MODE = wholemodule;
				SWIFT_OPTIMIZATION_LEVEL = "-O";
				VALIDATE_PRODUCT = YES;
			};
			name = Release;
		};
		FFEA8FF32957459D00E013A0 /* Debug */ = {
			isa = XCBuildConfiguration;
			baseConfigurationReference = 6F7337DB35D06F303FEB0BC9 /* Pods-Machinas.debug.xcconfig */;
			buildSettings = {
				ASSETCATALOG_COMPILER_APPICON_NAME = AppIcon;
				ASSETCATALOG_COMPILER_GLOBAL_ACCENT_COLOR_NAME = AccentColor;
				CODE_SIGN_IDENTITY = "Apple Development";
				CODE_SIGN_STYLE = Automatic;
				CURRENT_PROJECT_VERSION = 1;
				DEVELOPMENT_TEAM = YY8F8FMUG3;
				GENERATE_INFOPLIST_FILE = YES;
				INFOPLIST_FILE = Machina/Info.plist;
				INFOPLIST_KEY_CFBundleDisplayName = "Image Machine";
				INFOPLIST_KEY_NSCameraUsageDescription = "Image Machine wants to access tour camera to scan the available QR Code";
				INFOPLIST_KEY_NSPhotoLibraryUsageDescription = "Image Machine wants to access your gallery to pick photos for your machine's thumbnail";
				INFOPLIST_KEY_UIApplicationSupportsIndirectInputEvents = YES;
				INFOPLIST_KEY_UILaunchStoryboardName = LaunchScreen.storyboard;
				INFOPLIST_KEY_UIMainStoryboardFile = "";
				INFOPLIST_KEY_UIRequiresFullScreen = NO;
				INFOPLIST_KEY_UISupportedInterfaceOrientations_iPad = "UIInterfaceOrientationPortrait UIInterfaceOrientationPortraitUpsideDown UIInterfaceOrientationLandscapeLeft UIInterfaceOrientationLandscapeRight";
				INFOPLIST_KEY_UISupportedInterfaceOrientations_iPhone = "UIInterfaceOrientationPortrait UIInterfaceOrientationLandscapeLeft UIInterfaceOrientationLandscapeRight";
				IPHONEOS_DEPLOYMENT_TARGET = 13.0;
				LD_RUNPATH_SEARCH_PATHS = (
					"$(inherited)",
					"@executable_path/Frameworks",
				);
				MARKETING_VERSION = 1.0;
				PRODUCT_BUNDLE_IDENTIFIER = com.idntimes.machina;
				PRODUCT_NAME = "$(TARGET_NAME)";
				PROVISIONING_PROFILE_SPECIFIER = "";
				SWIFT_EMIT_LOC_STRINGS = YES;
				SWIFT_VERSION = 5.0;
				TARGETED_DEVICE_FAMILY = "1,2";
			};
			name = Debug;
		};
		FFEA8FF42957459D00E013A0 /* Release */ = {
			isa = XCBuildConfiguration;
			baseConfigurationReference = C6BA1046BE67CDC8B63F6715 /* Pods-Machinas.release.xcconfig */;
			buildSettings = {
				ASSETCATALOG_COMPILER_APPICON_NAME = AppIcon;
				ASSETCATALOG_COMPILER_GLOBAL_ACCENT_COLOR_NAME = AccentColor;
				CODE_SIGN_IDENTITY = "Apple Development";
				CODE_SIGN_STYLE = Automatic;
				CURRENT_PROJECT_VERSION = 1;
				DEVELOPMENT_TEAM = YY8F8FMUG3;
				GENERATE_INFOPLIST_FILE = YES;
				INFOPLIST_FILE = Machina/Info.plist;
				INFOPLIST_KEY_CFBundleDisplayName = "Image Machine";
				INFOPLIST_KEY_NSCameraUsageDescription = "Image Machine wants to access tour camera to scan the available QR Code";
				INFOPLIST_KEY_NSPhotoLibraryUsageDescription = "Image Machine wants to access your gallery to pick photos for your machine's thumbnail";
				INFOPLIST_KEY_UIApplicationSupportsIndirectInputEvents = YES;
				INFOPLIST_KEY_UILaunchStoryboardName = LaunchScreen.storyboard;
				INFOPLIST_KEY_UIMainStoryboardFile = "";
				INFOPLIST_KEY_UIRequiresFullScreen = NO;
				INFOPLIST_KEY_UISupportedInterfaceOrientations_iPad = "UIInterfaceOrientationPortrait UIInterfaceOrientationPortraitUpsideDown UIInterfaceOrientationLandscapeLeft UIInterfaceOrientationLandscapeRight";
				INFOPLIST_KEY_UISupportedInterfaceOrientations_iPhone = "UIInterfaceOrientationPortrait UIInterfaceOrientationLandscapeLeft UIInterfaceOrientationLandscapeRight";
				IPHONEOS_DEPLOYMENT_TARGET = 13.0;
				LD_RUNPATH_SEARCH_PATHS = (
					"$(inherited)",
					"@executable_path/Frameworks",
				);
				MARKETING_VERSION = 1.0;
				PRODUCT_BUNDLE_IDENTIFIER = com.idntimes.machina;
				PRODUCT_NAME = "$(TARGET_NAME)";
				PROVISIONING_PROFILE_SPECIFIER = "";
				SWIFT_EMIT_LOC_STRINGS = YES;
				SWIFT_VERSION = 5.0;
				TARGETED_DEVICE_FAMILY = "1,2";
			};
			name = Release;
		};
/* End XCBuildConfiguration section */

/* Begin XCConfigurationList section */
		FFEA8FD92957459B00E013A0 /* Build configuration list for PBXProject "Machinas" */ = {
			isa = XCConfigurationList;
			buildConfigurations = (
				FFEA8FF02957459D00E013A0 /* Debug */,
				FFEA8FF12957459D00E013A0 /* Release */,
			);
			defaultConfigurationIsVisible = 0;
			defaultConfigurationName = Release;
		};
		FFEA8FF22957459D00E013A0 /* Build configuration list for PBXNativeTarget "Machinas" */ = {
			isa = XCConfigurationList;
			buildConfigurations = (
				FFEA8FF32957459D00E013A0 /* Debug */,
				FFEA8FF42957459D00E013A0 /* Release */,
			);
			defaultConfigurationIsVisible = 0;
			defaultConfigurationName = Release;
		};
/* End XCConfigurationList section */

/* Begin XCRemoteSwiftPackageReference section */
		FF66603B295955F400988F7D /* XCRemoteSwiftPackageReference "realm-swift.git" */ = {
			isa = XCRemoteSwiftPackageReference;
			repositoryURL = "https://github.com/realm/realm-swift.git";
			requirement = {
				branch = master;
				kind = branch;
			};
		};
/* End XCRemoteSwiftPackageReference section */

/* Begin XCSwiftPackageProductDependency section */
		FF66603C295955F400988F7D /* Realm */ = {
			isa = XCSwiftPackageProductDependency;
			package = FF66603B295955F400988F7D /* XCRemoteSwiftPackageReference "realm-swift.git" */;
			productName = Realm;
		};
		FF66603E295955F400988F7D /* RealmSwift */ = {
			isa = XCSwiftPackageProductDependency;
			package = FF66603B295955F400988F7D /* XCRemoteSwiftPackageReference "realm-swift.git" */;
			productName = RealmSwift;
		};
/* End XCSwiftPackageProductDependency section */
	};
	rootObject = FFEA8FD62957459B00E013A0 /* Project object */;
}
